// !$*UTF8*$!
{
	archiveVersion = 1;
	classes = {
	};
	objectVersion = 46;
	objects = {

/* Begin PBXBuildFile section */
		D321A6A41BBAB4640095F9C8 /* TimePeriodCollectionTests.swift in Sources */ = {isa = PBXBuildFile; fileRef = D321A6A31BBAB4640095F9C8 /* TimePeriodCollectionTests.swift */; settings = {ASSET_TAGS = (); }; };
		D3B928531BAC409E005FB9FD /* DateTools.h in Headers */ = {isa = PBXBuildFile; fileRef = D3B928521BAC409E005FB9FD /* DateTools.h */; settings = {ATTRIBUTES = (Public, ); }; };
		D3B9285A1BAC409F005FB9FD /* DateTools.framework in Frameworks */ = {isa = PBXBuildFile; fileRef = D3B9284F1BAC409E005FB9FD /* DateTools.framework */; settings = {ASSET_TAGS = (); }; };
		D3B9286A1BAC40FA005FB9FD /* TimePeriod.swift in Sources */ = {isa = PBXBuildFile; fileRef = D3B928691BAC40FA005FB9FD /* TimePeriod.swift */; settings = {ASSET_TAGS = (); }; };
		D3B9286C1BAC5F25005FB9FD /* Constants.swift in Sources */ = {isa = PBXBuildFile; fileRef = D3B9286B1BAC5F25005FB9FD /* Constants.swift */; settings = {ASSET_TAGS = (); }; };
		D3B9286E1BAC6041005FB9FD /* TimePeriodChain.swift in Sources */ = {isa = PBXBuildFile; fileRef = D3B9286D1BAC6041005FB9FD /* TimePeriodChain.swift */; settings = {ASSET_TAGS = (); }; };
		D3B928701BAC6052005FB9FD /* TimePeriodCollection.swift in Sources */ = {isa = PBXBuildFile; fileRef = D3B9286F1BAC6052005FB9FD /* TimePeriodCollection.swift */; settings = {ASSET_TAGS = (); }; };
		D3B928721BAC605E005FB9FD /* TimePeriodGroup.swift in Sources */ = {isa = PBXBuildFile; fileRef = D3B928711BAC605E005FB9FD /* TimePeriodGroup.swift */; settings = {ASSET_TAGS = (); }; };
		D3B928741BAC6082005FB9FD /* NSDate+DateTools.swift in Sources */ = {isa = PBXBuildFile; fileRef = D3B928731BAC6082005FB9FD /* NSDate+DateTools.swift */; settings = {ASSET_TAGS = (); }; };
		D3B928C91BB15363005FB9FD /* TimePeriodTests.swift in Sources */ = {isa = PBXBuildFile; fileRef = D3B928C81BB15363005FB9FD /* TimePeriodTests.swift */; settings = {ASSET_TAGS = (); }; };
		D3B928E01BB19110005FB9FD /* NSCalendar+DateTools.swift in Sources */ = {isa = PBXBuildFile; fileRef = D3B928DF1BB19110005FB9FD /* NSCalendar+DateTools.swift */; settings = {ASSET_TAGS = (); }; };
		D3B928F01BB2F37A005FB9FD /* TimePeriodTests+DateShifting.swift in Sources */ = {isa = PBXBuildFile; fileRef = D3B928EF1BB2F37A005FB9FD /* TimePeriodTests+DateShifting.swift */; settings = {ASSET_TAGS = (); }; };
		D3B928F21BB2F3BA005FB9FD /* TimePeriodTests+Relationships.swift in Sources */ = {isa = PBXBuildFile; fileRef = D3B928F11BB2F3BA005FB9FD /* TimePeriodTests+Relationships.swift */; settings = {ASSET_TAGS = (); }; };
		D3E83CD91BBC0DDA0041CD1A /* TimePeriodChainTests.swift in Sources */ = {isa = PBXBuildFile; fileRef = D3E83CD81BBC0DDA0041CD1A /* TimePeriodChainTests.swift */; settings = {ASSET_TAGS = (); }; };
		EEF495B6E776FDCBD6ECF09F /* Pods_DateToolsTests.framework in Frameworks */ = {isa = PBXBuildFile; fileRef = D32180C43E22CDC8FB4D8406 /* Pods_DateToolsTests.framework */; settings = {ATTRIBUTES = (Weak, ); }; };
/* End PBXBuildFile section */

/* Begin PBXContainerItemProxy section */
		D3B9285B1BAC409F005FB9FD /* PBXContainerItemProxy */ = {
			isa = PBXContainerItemProxy;
			containerPortal = D3B928461BAC409E005FB9FD /* Project object */;
			proxyType = 1;
			remoteGlobalIDString = D3B9284E1BAC409E005FB9FD;
			remoteInfo = DateTools;
		};
/* End PBXContainerItemProxy section */

/* Begin PBXFileReference section */
		69CA5226A2601D94A7FA63FC /* Pods-DateToolsTests.release.xcconfig */ = {isa = PBXFileReference; includeInIndex = 1; lastKnownFileType = text.xcconfig; name = "Pods-DateToolsTests.release.xcconfig"; path = "Pods/Target Support Files/Pods-DateToolsTests/Pods-DateToolsTests.release.xcconfig"; sourceTree = "<group>"; };
		D32180C43E22CDC8FB4D8406 /* Pods_DateToolsTests.framework */ = {isa = PBXFileReference; explicitFileType = wrapper.framework; includeInIndex = 0; path = Pods_DateToolsTests.framework; sourceTree = BUILT_PRODUCTS_DIR; };
		D321A6A31BBAB4640095F9C8 /* TimePeriodCollectionTests.swift */ = {isa = PBXFileReference; fileEncoding = 4; lastKnownFileType = sourcecode.swift; path = TimePeriodCollectionTests.swift; sourceTree = "<group>"; };
		D3B9284F1BAC409E005FB9FD /* DateTools.framework */ = {isa = PBXFileReference; explicitFileType = wrapper.framework; includeInIndex = 0; path = DateTools.framework; sourceTree = BUILT_PRODUCTS_DIR; };
		D3B928521BAC409E005FB9FD /* DateTools.h */ = {isa = PBXFileReference; lastKnownFileType = sourcecode.c.h; path = DateTools.h; sourceTree = "<group>"; };
		D3B928541BAC409E005FB9FD /* Info.plist */ = {isa = PBXFileReference; lastKnownFileType = text.plist.xml; path = Info.plist; sourceTree = "<group>"; };
		D3B928591BAC409F005FB9FD /* DateToolsTests.xctest */ = {isa = PBXFileReference; explicitFileType = wrapper.cfbundle; includeInIndex = 0; path = DateToolsTests.xctest; sourceTree = BUILT_PRODUCTS_DIR; };
		D3B928601BAC409F005FB9FD /* Info.plist */ = {isa = PBXFileReference; lastKnownFileType = text.plist.xml; path = Info.plist; sourceTree = "<group>"; };
		D3B928691BAC40FA005FB9FD /* TimePeriod.swift */ = {isa = PBXFileReference; fileEncoding = 4; lastKnownFileType = sourcecode.swift; path = TimePeriod.swift; sourceTree = "<group>"; };
		D3B9286B1BAC5F25005FB9FD /* Constants.swift */ = {isa = PBXFileReference; fileEncoding = 4; lastKnownFileType = sourcecode.swift; path = Constants.swift; sourceTree = "<group>"; };
		D3B9286D1BAC6041005FB9FD /* TimePeriodChain.swift */ = {isa = PBXFileReference; fileEncoding = 4; lastKnownFileType = sourcecode.swift; path = TimePeriodChain.swift; sourceTree = "<group>"; };
		D3B9286F1BAC6052005FB9FD /* TimePeriodCollection.swift */ = {isa = PBXFileReference; fileEncoding = 4; lastKnownFileType = sourcecode.swift; path = TimePeriodCollection.swift; sourceTree = "<group>"; };
		D3B928711BAC605E005FB9FD /* TimePeriodGroup.swift */ = {isa = PBXFileReference; fileEncoding = 4; lastKnownFileType = sourcecode.swift; path = TimePeriodGroup.swift; sourceTree = "<group>"; };
		D3B928731BAC6082005FB9FD /* NSDate+DateTools.swift */ = {isa = PBXFileReference; fileEncoding = 4; lastKnownFileType = sourcecode.swift; path = "NSDate+DateTools.swift"; sourceTree = "<group>"; };
		D3B928C81BB15363005FB9FD /* TimePeriodTests.swift */ = {isa = PBXFileReference; fileEncoding = 4; lastKnownFileType = sourcecode.swift; path = TimePeriodTests.swift; sourceTree = "<group>"; };
		D3B928DF1BB19110005FB9FD /* NSCalendar+DateTools.swift */ = {isa = PBXFileReference; fileEncoding = 4; lastKnownFileType = sourcecode.swift; path = "NSCalendar+DateTools.swift"; sourceTree = "<group>"; };
		D3B928EF1BB2F37A005FB9FD /* TimePeriodTests+DateShifting.swift */ = {isa = PBXFileReference; fileEncoding = 4; lastKnownFileType = sourcecode.swift; path = "TimePeriodTests+DateShifting.swift"; sourceTree = "<group>"; };
		D3B928F11BB2F3BA005FB9FD /* TimePeriodTests+Relationships.swift */ = {isa = PBXFileReference; fileEncoding = 4; lastKnownFileType = sourcecode.swift; path = "TimePeriodTests+Relationships.swift"; sourceTree = "<group>"; };
		D3E83CD81BBC0DDA0041CD1A /* TimePeriodChainTests.swift */ = {isa = PBXFileReference; fileEncoding = 4; lastKnownFileType = sourcecode.swift; path = TimePeriodChainTests.swift; sourceTree = "<group>"; };
		F06987FB4395F9EF2CD303A7 /* Pods-DateToolsTests.debug.xcconfig */ = {isa = PBXFileReference; includeInIndex = 1; lastKnownFileType = text.xcconfig; name = "Pods-DateToolsTests.debug.xcconfig"; path = "Pods/Target Support Files/Pods-DateToolsTests/Pods-DateToolsTests.debug.xcconfig"; sourceTree = "<group>"; };
/* End PBXFileReference section */

/* Begin PBXFrameworksBuildPhase section */
		D3B9284B1BAC409E005FB9FD /* Frameworks */ = {
			isa = PBXFrameworksBuildPhase;
			buildActionMask = 2147483647;
			files = (
			);
			runOnlyForDeploymentPostprocessing = 0;
		};
		D3B928561BAC409F005FB9FD /* Frameworks */ = {
			isa = PBXFrameworksBuildPhase;
			buildActionMask = 2147483647;
			files = (
				D3B9285A1BAC409F005FB9FD /* DateTools.framework in Frameworks */,
				EEF495B6E776FDCBD6ECF09F /* Pods_DateToolsTests.framework in Frameworks */,
			);
			runOnlyForDeploymentPostprocessing = 0;
		};
/* End PBXFrameworksBuildPhase section */

/* Begin PBXGroup section */
		1D7366BB5F56F55DD3DEDB64 /* Frameworks */ = {
			isa = PBXGroup;
			children = (
				D32180C43E22CDC8FB4D8406 /* Pods_DateToolsTests.framework */,
			);
			name = Frameworks;
			sourceTree = "<group>";
		};
		D3B928451BAC409E005FB9FD = {
			isa = PBXGroup;
			children = (
				D3B928511BAC409E005FB9FD /* DateTools */,
				D3B9285D1BAC409F005FB9FD /* DateToolsTests */,
				D3B928501BAC409E005FB9FD /* Products */,
				F57114D1BEFAD7D665D17282 /* Pods */,
				1D7366BB5F56F55DD3DEDB64 /* Frameworks */,
			);
			sourceTree = "<group>";
		};
		D3B928501BAC409E005FB9FD /* Products */ = {
			isa = PBXGroup;
			children = (
				D3B9284F1BAC409E005FB9FD /* DateTools.framework */,
				D3B928591BAC409F005FB9FD /* DateToolsTests.xctest */,
			);
			name = Products;
			sourceTree = "<group>";
		};
		D3B928511BAC409E005FB9FD /* DateTools */ = {
			isa = PBXGroup;
			children = (
				D3B928521BAC409E005FB9FD /* DateTools.h */,
				D3B928541BAC409E005FB9FD /* Info.plist */,
				D3B928691BAC40FA005FB9FD /* TimePeriod.swift */,
				D3B9286B1BAC5F25005FB9FD /* Constants.swift */,
				D3B9286D1BAC6041005FB9FD /* TimePeriodChain.swift */,
				D3B9286F1BAC6052005FB9FD /* TimePeriodCollection.swift */,
				D3B928711BAC605E005FB9FD /* TimePeriodGroup.swift */,
				D3B928731BAC6082005FB9FD /* NSDate+DateTools.swift */,
				D3B928DF1BB19110005FB9FD /* NSCalendar+DateTools.swift */,
			);
			path = DateTools;
			sourceTree = "<group>";
		};
		D3B9285D1BAC409F005FB9FD /* DateToolsTests */ = {
			isa = PBXGroup;
			children = (
				D3B928601BAC409F005FB9FD /* Info.plist */,
				D3B928C81BB15363005FB9FD /* TimePeriodTests.swift */,
				D3B928F11BB2F3BA005FB9FD /* TimePeriodTests+Relationships.swift */,
				D3B928EF1BB2F37A005FB9FD /* TimePeriodTests+DateShifting.swift */,
				D321A6A31BBAB4640095F9C8 /* TimePeriodCollectionTests.swift */,
				D3E83CD81BBC0DDA0041CD1A /* TimePeriodChainTests.swift */,
			);
			path = DateToolsTests;
			sourceTree = "<group>";
		};
		F57114D1BEFAD7D665D17282 /* Pods */ = {
			isa = PBXGroup;
			children = (
				F06987FB4395F9EF2CD303A7 /* Pods-DateToolsTests.debug.xcconfig */,
				69CA5226A2601D94A7FA63FC /* Pods-DateToolsTests.release.xcconfig */,
			);
			name = Pods;
			sourceTree = "<group>";
		};
/* End PBXGroup section */

/* Begin PBXHeadersBuildPhase section */
		D3B9284C1BAC409E005FB9FD /* Headers */ = {
			isa = PBXHeadersBuildPhase;
			buildActionMask = 2147483647;
			files = (
				D3B928531BAC409E005FB9FD /* DateTools.h in Headers */,
			);
			runOnlyForDeploymentPostprocessing = 0;
		};
/* End PBXHeadersBuildPhase section */

/* Begin PBXNativeTarget section */
		D3B9284E1BAC409E005FB9FD /* DateTools */ = {
			isa = PBXNativeTarget;
			buildConfigurationList = D3B928631BAC409F005FB9FD /* Build configuration list for PBXNativeTarget "DateTools" */;
			buildPhases = (
				D3B9284A1BAC409E005FB9FD /* Sources */,
				D3B9284B1BAC409E005FB9FD /* Frameworks */,
				D3B9284C1BAC409E005FB9FD /* Headers */,
				D3B9284D1BAC409E005FB9FD /* Resources */,
			);
			buildRules = (
			);
			dependencies = (
			);
			name = DateTools;
			productName = DateTools;
			productReference = D3B9284F1BAC409E005FB9FD /* DateTools.framework */;
			productType = "com.apple.product-type.framework";
		};
		D3B928581BAC409F005FB9FD /* DateToolsTests */ = {
			isa = PBXNativeTarget;
			buildConfigurationList = D3B928661BAC409F005FB9FD /* Build configuration list for PBXNativeTarget "DateToolsTests" */;
			buildPhases = (
				D25A3B70006FA295379C411D /* Check Pods Manifest.lock */,
				D3B928551BAC409F005FB9FD /* Sources */,
				D3B928561BAC409F005FB9FD /* Frameworks */,
				D3B928571BAC409F005FB9FD /* Resources */,
				31D9A405E895DB4EFA93B280 /* Embed Pods Frameworks */,
				F98184235CE2288822C4E3D9 /* Copy Pods Resources */,
			);
			buildRules = (
			);
			dependencies = (
				D3B9285C1BAC409F005FB9FD /* PBXTargetDependency */,
			);
			name = DateToolsTests;
			productName = DateToolsTests;
			productReference = D3B928591BAC409F005FB9FD /* DateToolsTests.xctest */;
			productType = "com.apple.product-type.bundle.unit-test";
		};
/* End PBXNativeTarget section */

/* Begin PBXProject section */
		D3B928461BAC409E005FB9FD /* Project object */ = {
			isa = PBXProject;
			attributes = {
				LastSwiftUpdateCheck = 0700;
				LastUpgradeCheck = 0700;
				ORGANIZATIONNAME = "CodeWise sp. z o.o. Sp. k.";
				TargetAttributes = {
					D3B9284E1BAC409E005FB9FD = {
						CreatedOnToolsVersion = 7.0;
					};
					D3B928581BAC409F005FB9FD = {
						CreatedOnToolsVersion = 7.0;
					};
				};
			};
			buildConfigurationList = D3B928491BAC409E005FB9FD /* Build configuration list for PBXProject "DateTools" */;
			compatibilityVersion = "Xcode 3.2";
			developmentRegion = English;
			hasScannedForEncodings = 0;
			knownRegions = (
				en,
			);
			mainGroup = D3B928451BAC409E005FB9FD;
			productRefGroup = D3B928501BAC409E005FB9FD /* Products */;
			projectDirPath = "";
			projectRoot = "";
			targets = (
				D3B9284E1BAC409E005FB9FD /* DateTools */,
				D3B928581BAC409F005FB9FD /* DateToolsTests */,
			);
		};
/* End PBXProject section */

/* Begin PBXResourcesBuildPhase section */
		D3B9284D1BAC409E005FB9FD /* Resources */ = {
			isa = PBXResourcesBuildPhase;
			buildActionMask = 2147483647;
			files = (
			);
			runOnlyForDeploymentPostprocessing = 0;
		};
		D3B928571BAC409F005FB9FD /* Resources */ = {
			isa = PBXResourcesBuildPhase;
			buildActionMask = 2147483647;
			files = (
			);
			runOnlyForDeploymentPostprocessing = 0;
		};
/* End PBXResourcesBuildPhase section */

/* Begin PBXShellScriptBuildPhase section */
		31D9A405E895DB4EFA93B280 /* Embed Pods Frameworks */ = {
			isa = PBXShellScriptBuildPhase;
			buildActionMask = 2147483647;
			files = (
			);
			inputPaths = (
			);
			name = "Embed Pods Frameworks";
			outputPaths = (
			);
			runOnlyForDeploymentPostprocessing = 0;
			shellPath = /bin/sh;
			shellScript = "\"${SRCROOT}/Pods/Target Support Files/Pods-DateToolsTests/Pods-DateToolsTests-frameworks.sh\"\n";
			showEnvVarsInLog = 0;
		};
		D25A3B70006FA295379C411D /* Check Pods Manifest.lock */ = {
			isa = PBXShellScriptBuildPhase;
			buildActionMask = 2147483647;
			files = (
			);
			inputPaths = (
			);
			name = "Check Pods Manifest.lock";
			outputPaths = (
			);
			runOnlyForDeploymentPostprocessing = 0;
			shellPath = /bin/sh;
			shellScript = "diff \"${PODS_ROOT}/../Podfile.lock\" \"${PODS_ROOT}/Manifest.lock\" > /dev/null\nif [[ $? != 0 ]] ; then\n    cat << EOM\nerror: The sandbox is not in sync with the Podfile.lock. Run 'pod install' or update your CocoaPods installation.\nEOM\n    exit 1\nfi\n";
			showEnvVarsInLog = 0;
		};
		F98184235CE2288822C4E3D9 /* Copy Pods Resources */ = {
			isa = PBXShellScriptBuildPhase;
			buildActionMask = 2147483647;
			files = (
			);
			inputPaths = (
			);
			name = "Copy Pods Resources";
			outputPaths = (
			);
			runOnlyForDeploymentPostprocessing = 0;
			shellPath = /bin/sh;
			shellScript = "\"${SRCROOT}/Pods/Target Support Files/Pods-DateToolsTests/Pods-DateToolsTests-resources.sh\"\n";
			showEnvVarsInLog = 0;
		};
/* End PBXShellScriptBuildPhase section */

/* Begin PBXSourcesBuildPhase section */
		D3B9284A1BAC409E005FB9FD /* Sources */ = {
			isa = PBXSourcesBuildPhase;
			buildActionMask = 2147483647;
			files = (
				D3B9286E1BAC6041005FB9FD /* TimePeriodChain.swift in Sources */,
				D3B928721BAC605E005FB9FD /* TimePeriodGroup.swift in Sources */,
				D3B9286A1BAC40FA005FB9FD /* TimePeriod.swift in Sources */,
				D3B928E01BB19110005FB9FD /* NSCalendar+DateTools.swift in Sources */,
				D3B9286C1BAC5F25005FB9FD /* Constants.swift in Sources */,
				D3B928741BAC6082005FB9FD /* NSDate+DateTools.swift in Sources */,
				D3B928701BAC6052005FB9FD /* TimePeriodCollection.swift in Sources */,
			);
			runOnlyForDeploymentPostprocessing = 0;
		};
		D3B928551BAC409F005FB9FD /* Sources */ = {
			isa = PBXSourcesBuildPhase;
			buildActionMask = 2147483647;
			files = (
				D3E83CD91BBC0DDA0041CD1A /* TimePeriodChainTests.swift in Sources */,
				D3B928C91BB15363005FB9FD /* TimePeriodTests.swift in Sources */,
				D3B928F21BB2F3BA005FB9FD /* TimePeriodTests+Relationships.swift in Sources */,
				D3B928F01BB2F37A005FB9FD /* TimePeriodTests+DateShifting.swift in Sources */,
				D321A6A41BBAB4640095F9C8 /* TimePeriodCollectionTests.swift in Sources */,
			);
			runOnlyForDeploymentPostprocessing = 0;
		};
/* End PBXSourcesBuildPhase section */

/* Begin PBXTargetDependency section */
		D3B9285C1BAC409F005FB9FD /* PBXTargetDependency */ = {
			isa = PBXTargetDependency;
			target = D3B9284E1BAC409E005FB9FD /* DateTools */;
			targetProxy = D3B9285B1BAC409F005FB9FD /* PBXContainerItemProxy */;
		};
/* End PBXTargetDependency section */

/* Begin XCBuildConfiguration section */
		D3B928611BAC409F005FB9FD /* Debug */ = {
			isa = XCBuildConfiguration;
			buildSettings = {
				ALWAYS_SEARCH_USER_PATHS = NO;
				CLANG_CXX_LANGUAGE_STANDARD = "gnu++0x";
				CLANG_CXX_LIBRARY = "libc++";
				CLANG_ENABLE_MODULES = YES;
				CLANG_ENABLE_OBJC_ARC = YES;
				CLANG_WARN_BOOL_CONVERSION = YES;
				CLANG_WARN_CONSTANT_CONVERSION = YES;
				CLANG_WARN_DIRECT_OBJC_ISA_USAGE = YES_ERROR;
				CLANG_WARN_EMPTY_BODY = YES;
				CLANG_WARN_ENUM_CONVERSION = YES;
				CLANG_WARN_INT_CONVERSION = YES;
				CLANG_WARN_OBJC_ROOT_CLASS = YES_ERROR;
				CLANG_WARN_UNREACHABLE_CODE = YES;
				CLANG_WARN__DUPLICATE_METHOD_MATCH = YES;
				"CODE_SIGN_IDENTITY[sdk=iphoneos*]" = "iPhone Developer";
				COPY_PHASE_STRIP = NO;
				CURRENT_PROJECT_VERSION = 1;
				DEBUG_INFORMATION_FORMAT = dwarf;
				ENABLE_STRICT_OBJC_MSGSEND = YES;
				ENABLE_TESTABILITY = YES;
				GCC_C_LANGUAGE_STANDARD = gnu99;
				GCC_DYNAMIC_NO_PIC = NO;
				GCC_NO_COMMON_BLOCKS = YES;
				GCC_OPTIMIZATION_LEVEL = 0;
				GCC_PREPROCESSOR_DEFINITIONS = (
					"DEBUG=1",
					"$(inherited)",
				);
				GCC_WARN_64_TO_32_BIT_CONVERSION = YES;
				GCC_WARN_ABOUT_RETURN_TYPE = YES_ERROR;
				GCC_WARN_UNDECLARED_SELECTOR = YES;
				GCC_WARN_UNINITIALIZED_AUTOS = YES_AGGRESSIVE;
				GCC_WARN_UNUSED_FUNCTION = YES;
				GCC_WARN_UNUSED_VARIABLE = YES;
				IPHONEOS_DEPLOYMENT_TARGET = 8.0;
				MTL_ENABLE_DEBUG_INFO = YES;
				ONLY_ACTIVE_ARCH = YES;
				SDKROOT = iphoneos;
				SWIFT_OPTIMIZATION_LEVEL = "-Onone";
				TARGETED_DEVICE_FAMILY = "1,2";
				VERSIONING_SYSTEM = "apple-generic";
				VERSION_INFO_PREFIX = "";
			};
			name = Debug;
		};
		D3B928621BAC409F005FB9FD /* Release */ = {
			isa = XCBuildConfiguration;
			buildSettings = {
				ALWAYS_SEARCH_USER_PATHS = NO;
				CLANG_CXX_LANGUAGE_STANDARD = "gnu++0x";
				CLANG_CXX_LIBRARY = "libc++";
				CLANG_ENABLE_MODULES = YES;
				CLANG_ENABLE_OBJC_ARC = YES;
				CLANG_WARN_BOOL_CONVERSION = YES;
				CLANG_WARN_CONSTANT_CONVERSION = YES;
				CLANG_WARN_DIRECT_OBJC_ISA_USAGE = YES_ERROR;
				CLANG_WARN_EMPTY_BODY = YES;
				CLANG_WARN_ENUM_CONVERSION = YES;
				CLANG_WARN_INT_CONVERSION = YES;
				CLANG_WARN_OBJC_ROOT_CLASS = YES_ERROR;
				CLANG_WARN_UNREACHABLE_CODE = YES;
				CLANG_WARN__DUPLICATE_METHOD_MATCH = YES;
				"CODE_SIGN_IDENTITY[sdk=iphoneos*]" = "iPhone Developer";
				COPY_PHASE_STRIP = NO;
				CURRENT_PROJECT_VERSION = 1;
				DEBUG_INFORMATION_FORMAT = "dwarf-with-dsym";
				ENABLE_NS_ASSERTIONS = NO;
				ENABLE_STRICT_OBJC_MSGSEND = YES;
				GCC_C_LANGUAGE_STANDARD = gnu99;
				GCC_NO_COMMON_BLOCKS = YES;
				GCC_WARN_64_TO_32_BIT_CONVERSION = YES;
				GCC_WARN_ABOUT_RETURN_TYPE = YES_ERROR;
				GCC_WARN_UNDECLARED_SELECTOR = YES;
				GCC_WARN_UNINITIALIZED_AUTOS = YES_AGGRESSIVE;
				GCC_WARN_UNUSED_FUNCTION = YES;
				GCC_WARN_UNUSED_VARIABLE = YES;
				IPHONEOS_DEPLOYMENT_TARGET = 8.0;
				MTL_ENABLE_DEBUG_INFO = NO;
				SDKROOT = iphoneos;
				TARGETED_DEVICE_FAMILY = "1,2";
				VALIDATE_PRODUCT = YES;
				VERSIONING_SYSTEM = "apple-generic";
				VERSION_INFO_PREFIX = "";
			};
			name = Release;
		};
		D3B928641BAC409F005FB9FD /* Debug */ = {
			isa = XCBuildConfiguration;
			buildSettings = {
				CLANG_ENABLE_MODULES = YES;
				DEFINES_MODULE = YES;
				DYLIB_COMPATIBILITY_VERSION = 1.0;
				DYLIB_CURRENT_VERSION = 1.0;
				DYLIB_INSTALL_NAME_BASE = "@rpath";
				INFOPLIST_FILE = DateTools/Info.plist;
				INSTALL_PATH = "$(LOCAL_LIBRARY_DIR)/Frameworks";
				LD_RUNPATH_SEARCH_PATHS = "$(inherited) @executable_path/Frameworks @loader_path/Frameworks";
				PRODUCT_BUNDLE_IDENTIFIER = com.codewise.DateTools;
				PRODUCT_NAME = "$(TARGET_NAME)";
				SKIP_INSTALL = YES;
				SWIFT_OPTIMIZATION_LEVEL = "-Onone";
				TARGETED_DEVICE_FAMILY = "1,2";
			};
			name = Debug;
		};
		D3B928651BAC409F005FB9FD /* Release */ = {
			isa = XCBuildConfiguration;
			buildSettings = {
				CLANG_ENABLE_MODULES = YES;
				DEFINES_MODULE = YES;
				DYLIB_COMPATIBILITY_VERSION = 1.0;
				DYLIB_CURRENT_VERSION = 1.0;
				DYLIB_INSTALL_NAME_BASE = "@rpath";
				INFOPLIST_FILE = DateTools/Info.plist;
				INSTALL_PATH = "$(LOCAL_LIBRARY_DIR)/Frameworks";
				LD_RUNPATH_SEARCH_PATHS = "$(inherited) @executable_path/Frameworks @loader_path/Frameworks";
				PRODUCT_BUNDLE_IDENTIFIER = com.codewise.DateTools;
				PRODUCT_NAME = "$(TARGET_NAME)";
				SKIP_INSTALL = YES;
				TARGETED_DEVICE_FAMILY = "1,2";
			};
			name = Release;
		};
		D3B928671BAC409F005FB9FD /* Debug */ = {
			isa = XCBuildConfiguration;
			baseConfigurationReference = F06987FB4395F9EF2CD303A7 /* Pods-DateToolsTests.debug.xcconfig */;
			buildSettings = {
				CLANG_ENABLE_MODULES = YES;
				INFOPLIST_FILE = DateToolsTests/Info.plist;
				LD_RUNPATH_SEARCH_PATHS = "$(inherited) @executable_path/Frameworks @loader_path/Frameworks";
				PRODUCT_BUNDLE_IDENTIFIER = com.codewise.DateToolsTests;
				PRODUCT_NAME = "$(TARGET_NAME)";
				SWIFT_OPTIMIZATION_LEVEL = "-Onone";
			};
			name = Debug;
		};
		D3B928681BAC409F005FB9FD /* Release */ = {
			isa = XCBuildConfiguration;
			baseConfigurationReference = 69CA5226A2601D94A7FA63FC /* Pods-DateToolsTests.release.xcconfig */;
			buildSettings = {
				CLANG_ENABLE_MODULES = YES;
				INFOPLIST_FILE = DateToolsTests/Info.plist;
				LD_RUNPATH_SEARCH_PATHS = "$(inherited) @executable_path/Frameworks @loader_path/Frameworks";
				PRODUCT_BUNDLE_IDENTIFIER = com.codewise.DateToolsTests;
				PRODUCT_NAME = "$(TARGET_NAME)";
			};
			name = Release;
		};
/* End XCBuildConfiguration section */

/* Begin XCConfigurationList section */
		D3B928491BAC409E005FB9FD /* Build configuration list for PBXProject "DateTools" */ = {
			isa = XCConfigurationList;
			buildConfigurations = (
				D3B928611BAC409F005FB9FD /* Debug */,
				D3B928621BAC409F005FB9FD /* Release */,
			);
			defaultConfigurationIsVisible = 0;
			defaultConfigurationName = Release;
		};
		D3B928631BAC409F005FB9FD /* Build configuration list for PBXNativeTarget "DateTools" */ = {
			isa = XCConfigurationList;
			buildConfigurations = (
				D3B928641BAC409F005FB9FD /* Debug */,
				D3B928651BAC409F005FB9FD /* Release */,
			);
			defaultConfigurationIsVisible = 0;
			defaultConfigurationName = Release;
		};
		D3B928661BAC409F005FB9FD /* Build configuration list for PBXNativeTarget "DateToolsTests" */ = {
			isa = XCConfigurationList;
			buildConfigurations = (
				D3B928671BAC409F005FB9FD /* Debug */,
				D3B928681BAC409F005FB9FD /* Release */,
			);
			defaultConfigurationIsVisible = 0;
			defaultConfigurationName = Release;
		};
/* End XCConfigurationList section */
	};
	rootObject = D3B928461BAC409E005FB9FD /* Project object */;
}
